
Microsoft Visual Studio Solution File, Format Version 12.00
# Visual Studio Version 17
VisualStudioVersion = 17.9.34728.123
MinimumVisualStudioVersion = 10.0.40219.1
Project("{FAE04EC0-301F-11D3-BF4B-00C04F79EFBC}") = "Диплом", "Диплом\Диплом.csproj", "{83C68463-06BB-46E8-A9C5-C7703344BA78}"
EndProject
Global
	GlobalSection(SolutionConfigurationPlatforms) = preSolution
		Debug|Any CPU = Debug|Any CPU
		Release|Any CPU = Release|Any CPU
	EndGlobalSection
	GlobalSection(ProjectConfigurationPlatforms) = postSolution
		{83C68463-06BB-46E8-A9C5-C7703344BA78}.Debug|Any CPU.ActiveCfg = Debug|Any CPU
		{83C68463-06BB-46E8-A9C5-C7703344BA78}.Debug|Any CPU.Build.0 = Debug|Any CPU
		{83C68463-06BB-46E8-A9C5-C7703344BA78}.Release|Any CPU.ActiveCfg = Release|Any CPU
		{83C68463-06BB-46E8-A9C5-C7703344BA78}.Release|Any CPU.Build.0 = Release|Any CPU
	EndGlobalSection
	GlobalSection(SolutionProperties) = preSolution
		HideSolutionNode = FALSE
	EndGlobalSection
	GlobalSection(ExtensibilityGlobals) = postSolution
		SolutionGuid = {F713420F-9CA3-4B07-90E4-14B51A12E3D9}
	EndGlobalSection
EndGlobal
